
Microsoft Visual Studio Solution File, Format Version 12.00
# Visual Studio Version 17
VisualStudioVersion = 17.6.33617.297
MinimumVisualStudioVersion = 10.0.40219.1
Project("{9A19103F-16F7-4668-BE54-9A1E7A4F7556}") = "App.Client", "client\App.Client.csproj", "{E9CC34CD-889C-4EC5-A49A-1F10D15D15A6}"
EndProject
Project("{FAE04EC0-301F-11D3-BF4B-00C04F79EFBC}") = "App.Server", "server\App.Server.csproj", "{88450F31-8C5C-4246-A6A0-2C6198014329}"
EndProject
Global
	GlobalSection(SolutionConfigurationPlatforms) = preSolution
		Debug|Any CPU = Debug|Any CPU
		Release|Any CPU = Release|Any CPU
	EndGlobalSection
	GlobalSection(ProjectConfigurationPlatforms) = postSolution
		{E9CC34CD-889C-4EC5-A49A-1F10D15D15A6}.Debug|Any CPU.ActiveCfg = Debug|Any CPU
		{E9CC34CD-889C-4EC5-A49A-1F10D15D15A6}.Debug|Any CPU.Build.0 = Debug|Any CPU
		{E9CC34CD-889C-4EC5-A49A-1F10D15D15A6}.Release|Any CPU.ActiveCfg = Release|Any CPU
		{E9CC34CD-889C-4EC5-A49A-1F10D15D15A6}.Release|Any CPU.Build.0 = Release|Any CPU
		{88450F31-8C5C-4246-A6A0-2C6198014329}.Debug|Any CPU.ActiveCfg = Debug|Any CPU
		{88450F31-8C5C-4246-A6A0-2C6198014329}.Debug|Any CPU.Build.0 = Debug|Any CPU
		{88450F31-8C5C-4246-A6A0-2C6198014329}.Release|Any CPU.ActiveCfg = Release|Any CPU
		{88450F31-8C5C-4246-A6A0-2C6198014329}.Release|Any CPU.Build.0 = Release|Any CPU
	EndGlobalSection
	GlobalSection(SolutionProperties) = preSolution
		HideSolutionNode = FALSE
	EndGlobalSection
	GlobalSection(ExtensibilityGlobals) = postSolution
		SolutionGuid = {D76F698A-320F-4B26-9271-DB0B5E6453A0}
	EndGlobalSection
EndGlobal
